
Microsoft Visual Studio Solution File, Format Version 12.00
# Visual Studio 15
Project("{FAE04EC0-301F-11D3-BF4B-00C04F79EFBC}") = "APEX - Y2P4", "Assembly-CSharp.csproj", "{7C9B6995-9347-CEE1-FE09-A475B139E94A}"
EndProject
Project("{FAE04EC0-301F-11D3-BF4B-00C04F79EFBC}") = "APEX - Y2P4", "Assembly-CSharp-Editor.csproj", "{5A8E74A6-A7EA-BAB0-A5C4-7F6F5E466022}"
EndProject
Global
	GlobalSection(SolutionConfigurationPlatforms) = preSolution
		Debug|Any CPU = Debug|Any CPU
		Release|Any CPU = Release|Any CPU
	EndGlobalSection
	GlobalSection(ProjectConfigurationPlatforms) = postSolution
		{7C9B6995-9347-CEE1-FE09-A475B139E94A}.Debug|Any CPU.ActiveCfg = Debug|Any CPU
		{7C9B6995-9347-CEE1-FE09-A475B139E94A}.Debug|Any CPU.Build.0 = Debug|Any CPU
		{7C9B6995-9347-CEE1-FE09-A475B139E94A}.Release|Any CPU.ActiveCfg = Release|Any CPU
		{7C9B6995-9347-CEE1-FE09-A475B139E94A}.Release|Any CPU.Build.0 = Release|Any CPU
		{5A8E74A6-A7EA-BAB0-A5C4-7F6F5E466022}.Debug|Any CPU.ActiveCfg = Debug|Any CPU
		{5A8E74A6-A7EA-BAB0-A5C4-7F6F5E466022}.Debug|Any CPU.Build.0 = Debug|Any CPU
		{5A8E74A6-A7EA-BAB0-A5C4-7F6F5E466022}.Release|Any CPU.ActiveCfg = Release|Any CPU
		{5A8E74A6-A7EA-BAB0-A5C4-7F6F5E466022}.Release|Any CPU.Build.0 = Release|Any CPU
	EndGlobalSection
	GlobalSection(SolutionProperties) = preSolution
		HideSolutionNode = FALSE
	EndGlobalSection
EndGlobal
